
Microsoft Visual Studio Solution File, Format Version 12.00
# Visual Studio 15
VisualStudioVersion = 15.0.28010.2003
MinimumVisualStudioVersion = 10.0.40219.1
Project("{9A19103F-16F7-4668-BE54-9A1E7A4F7556}") = "LibraryManagementSystem", "LibraryManagementSystem\LibraryManagementSystem.csproj", "{B7D539A2-2AF9-4879-B81E-BE221C381448}"
EndProject
Project("{2150E333-8FDC-42A3-9474-1A3956D46DE8}") = "src", "src", "{B0254252-BE2D-4C5A-A755-3B61791DC9B7}"
EndProject
Project("{2150E333-8FDC-42A3-9474-1A3956D46DE8}") = "BusinessLayer", "BusinessLayer", "{2A752757-9092-4ADC-B23A-974C5A065E0A}"
EndProject
Project("{2150E333-8FDC-42A3-9474-1A3956D46DE8}") = "Common", "Common", "{94CE567E-4610-4730-A256-429FC0C0EAC9}"
EndProject
Project("{2150E333-8FDC-42A3-9474-1A3956D46DE8}") = "Controllers", "Controllers", "{4699D511-93D5-43B3-84D7-24A3C9595C77}"
EndProject
Project("{2150E333-8FDC-42A3-9474-1A3956D46DE8}") = "DataLayer", "DataLayer", "{149D16D2-AC6A-4063-9B12-D24F3517D90E}"
EndProject
Project("{2150E333-8FDC-42A3-9474-1A3956D46DE8}") = "Mappers", "Mappers", "{4252F82C-E1F0-4EEE-B09B-65E042D81AD0}"
EndProject
Project("{2150E333-8FDC-42A3-9474-1A3956D46DE8}") = "Tests", "Tests", "{CD1B59BD-031C-422B-8972-E9752EE08B33}"
EndProject
Project("{9A19103F-16F7-4668-BE54-9A1E7A4F7556}") = "LibraryManagement.BusinessLayers", "LibraryManagementBusinessLayers\LibraryManagement.BusinessLayers.csproj", "{09FE7100-4277-4C9A-A649-0B80004D6DD4}"
EndProject
Project("{9A19103F-16F7-4668-BE54-9A1E7A4F7556}") = "LibraryManagement.Common", "LibraryManagement.Common\LibraryManagement.Common.csproj", "{6B32658C-A0EB-445C-8025-E9571A1E7BD5}"
EndProject
Project("{9A19103F-16F7-4668-BE54-9A1E7A4F7556}") = "LibraryManagement.Controller", "LibraryManagement.Controller\LibraryManagement.Controller.csproj", "{78B6701E-6187-4F37-BFAD-232D15BDA1F3}"
EndProject
Project("{9A19103F-16F7-4668-BE54-9A1E7A4F7556}") = "LibraryManagement.Mappers", "LibraryManagement.Mappers\LibraryManagement.Mappers.csproj", "{7169F59A-1B6C-4709-B1B1-3DC5F756AB9E}"
EndProject
Project("{2150E333-8FDC-42A3-9474-1A3956D46DE8}") = "Model", "Model", "{E1C81827-BB67-454F-959E-48C1A2034987}"
EndProject
Project("{9A19103F-16F7-4668-BE54-9A1E7A4F7556}") = "LibraryModel.Entity", "LibraryModel.Entity\LibraryModel.Entity.csproj", "{779B201A-E912-4DEB-A3F3-6AB96600E6A8}"
EndProject
Project("{9A19103F-16F7-4668-BE54-9A1E7A4F7556}") = "LibraryModel.Domain", "LibraryModel.Domain\LibraryModel.Domain.csproj", "{95EB7BFC-37D6-478C-B80A-B88ABAD49E55}"
EndProject
Project("{9A19103F-16F7-4668-BE54-9A1E7A4F7556}") = "LibraryModel.Dto", "LibraryModel.Dto\LibraryModel.Dto.csproj", "{A58E51FF-3BBB-42DE-8D01-B95829127243}"
EndProject
Project("{9A19103F-16F7-4668-BE54-9A1E7A4F7556}") = "LibraryManagement.Repository", "LibraryManagement.Repository\LibraryManagement.Repository.csproj", "{A0002C37-3988-4185-B6C0-86A6FD9E8981}"
EndProject
Project("{9A19103F-16F7-4668-BE54-9A1E7A4F7556}") = "LibraryManager.Context", "LibraryManager.Context\LibraryManager.Context.csproj", "{7A4F3ED2-7DDB-48F4-9936-AB761C5ECC3B}"
EndProject
Project("{9A19103F-16F7-4668-BE54-9A1E7A4F7556}") = "Test.LibraryManagement", "Test.LibraryManagement\Test.LibraryManagement.csproj", "{D37C7842-63DE-4BA6-9883-25463F91E038}"
EndProject
Global
	GlobalSection(SolutionConfigurationPlatforms) = preSolution
		Debug|Any CPU = Debug|Any CPU
		Release|Any CPU = Release|Any CPU
	EndGlobalSection
	GlobalSection(ProjectConfigurationPlatforms) = postSolution
		{B7D539A2-2AF9-4879-B81E-BE221C381448}.Debug|Any CPU.ActiveCfg = Debug|Any CPU
		{B7D539A2-2AF9-4879-B81E-BE221C381448}.Debug|Any CPU.Build.0 = Debug|Any CPU
		{B7D539A2-2AF9-4879-B81E-BE221C381448}.Release|Any CPU.ActiveCfg = Release|Any CPU
		{B7D539A2-2AF9-4879-B81E-BE221C381448}.Release|Any CPU.Build.0 = Release|Any CPU
		{09FE7100-4277-4C9A-A649-0B80004D6DD4}.Debug|Any CPU.ActiveCfg = Debug|Any CPU
		{09FE7100-4277-4C9A-A649-0B80004D6DD4}.Debug|Any CPU.Build.0 = Debug|Any CPU
		{09FE7100-4277-4C9A-A649-0B80004D6DD4}.Release|Any CPU.ActiveCfg = Release|Any CPU
		{09FE7100-4277-4C9A-A649-0B80004D6DD4}.Release|Any CPU.Build.0 = Release|Any CPU
		{6B32658C-A0EB-445C-8025-E9571A1E7BD5}.Debug|Any CPU.ActiveCfg = Debug|Any CPU
		{6B32658C-A0EB-445C-8025-E9571A1E7BD5}.Debug|Any CPU.Build.0 = Debug|Any CPU
		{6B32658C-A0EB-445C-8025-E9571A1E7BD5}.Release|Any CPU.ActiveCfg = Release|Any CPU
		{6B32658C-A0EB-445C-8025-E9571A1E7BD5}.Release|Any CPU.Build.0 = Release|Any CPU
		{78B6701E-6187-4F37-BFAD-232D15BDA1F3}.Debug|Any CPU.ActiveCfg = Debug|Any CPU
		{78B6701E-6187-4F37-BFAD-232D15BDA1F3}.Debug|Any CPU.Build.0 = Debug|Any CPU
		{78B6701E-6187-4F37-BFAD-232D15BDA1F3}.Release|Any CPU.ActiveCfg = Release|Any CPU
		{78B6701E-6187-4F37-BFAD-232D15BDA1F3}.Release|Any CPU.Build.0 = Release|Any CPU
		{7169F59A-1B6C-4709-B1B1-3DC5F756AB9E}.Debug|Any CPU.ActiveCfg = Debug|Any CPU
		{7169F59A-1B6C-4709-B1B1-3DC5F756AB9E}.Debug|Any CPU.Build.0 = Debug|Any CPU
		{7169F59A-1B6C-4709-B1B1-3DC5F756AB9E}.Release|Any CPU.ActiveCfg = Release|Any CPU
		{7169F59A-1B6C-4709-B1B1-3DC5F756AB9E}.Release|Any CPU.Build.0 = Release|Any CPU
		{779B201A-E912-4DEB-A3F3-6AB96600E6A8}.Debug|Any CPU.ActiveCfg = Debug|Any CPU
		{779B201A-E912-4DEB-A3F3-6AB96600E6A8}.Debug|Any CPU.Build.0 = Debug|Any CPU
		{779B201A-E912-4DEB-A3F3-6AB96600E6A8}.Release|Any CPU.ActiveCfg = Release|Any CPU
		{779B201A-E912-4DEB-A3F3-6AB96600E6A8}.Release|Any CPU.Build.0 = Release|Any CPU
		{95EB7BFC-37D6-478C-B80A-B88ABAD49E55}.Debug|Any CPU.ActiveCfg = Debug|Any CPU
		{95EB7BFC-37D6-478C-B80A-B88ABAD49E55}.Debug|Any CPU.Build.0 = Debug|Any CPU
		{95EB7BFC-37D6-478C-B80A-B88ABAD49E55}.Release|Any CPU.ActiveCfg = Release|Any CPU
		{95EB7BFC-37D6-478C-B80A-B88ABAD49E55}.Release|Any CPU.Build.0 = Release|Any CPU
		{A58E51FF-3BBB-42DE-8D01-B95829127243}.Debug|Any CPU.ActiveCfg = Debug|Any CPU
		{A58E51FF-3BBB-42DE-8D01-B95829127243}.Debug|Any CPU.Build.0 = Debug|Any CPU
		{A58E51FF-3BBB-42DE-8D01-B95829127243}.Release|Any CPU.ActiveCfg = Release|Any CPU
		{A58E51FF-3BBB-42DE-8D01-B95829127243}.Release|Any CPU.Build.0 = Release|Any CPU
		{A0002C37-3988-4185-B6C0-86A6FD9E8981}.Debug|Any CPU.ActiveCfg = Debug|Any CPU
		{A0002C37-3988-4185-B6C0-86A6FD9E8981}.Debug|Any CPU.Build.0 = Debug|Any CPU
		{A0002C37-3988-4185-B6C0-86A6FD9E8981}.Release|Any CPU.ActiveCfg = Release|Any CPU
		{A0002C37-3988-4185-B6C0-86A6FD9E8981}.Release|Any CPU.Build.0 = Release|Any CPU
		{7A4F3ED2-7DDB-48F4-9936-AB761C5ECC3B}.Debug|Any CPU.ActiveCfg = Debug|Any CPU
		{7A4F3ED2-7DDB-48F4-9936-AB761C5ECC3B}.Debug|Any CPU.Build.0 = Debug|Any CPU
		{7A4F3ED2-7DDB-48F4-9936-AB761C5ECC3B}.Release|Any CPU.ActiveCfg = Release|Any CPU
		{7A4F3ED2-7DDB-48F4-9936-AB761C5ECC3B}.Release|Any CPU.Build.0 = Release|Any CPU
		{D37C7842-63DE-4BA6-9883-25463F91E038}.Debug|Any CPU.ActiveCfg = Debug|Any CPU
		{D37C7842-63DE-4BA6-9883-25463F91E038}.Debug|Any CPU.Build.0 = Debug|Any CPU
		{D37C7842-63DE-4BA6-9883-25463F91E038}.Release|Any CPU.ActiveCfg = Release|Any CPU
		{D37C7842-63DE-4BA6-9883-25463F91E038}.Release|Any CPU.Build.0 = Release|Any CPU
	EndGlobalSection
	GlobalSection(SolutionProperties) = preSolution
		HideSolutionNode = FALSE
	EndGlobalSection
	GlobalSection(NestedProjects) = preSolution
		{2A752757-9092-4ADC-B23A-974C5A065E0A} = {B0254252-BE2D-4C5A-A755-3B61791DC9B7}
		{94CE567E-4610-4730-A256-429FC0C0EAC9} = {B0254252-BE2D-4C5A-A755-3B61791DC9B7}
		{4699D511-93D5-43B3-84D7-24A3C9595C77} = {B0254252-BE2D-4C5A-A755-3B61791DC9B7}
		{149D16D2-AC6A-4063-9B12-D24F3517D90E} = {B0254252-BE2D-4C5A-A755-3B61791DC9B7}
		{4252F82C-E1F0-4EEE-B09B-65E042D81AD0} = {B0254252-BE2D-4C5A-A755-3B61791DC9B7}
		{CD1B59BD-031C-422B-8972-E9752EE08B33} = {B0254252-BE2D-4C5A-A755-3B61791DC9B7}
		{09FE7100-4277-4C9A-A649-0B80004D6DD4} = {2A752757-9092-4ADC-B23A-974C5A065E0A}
		{6B32658C-A0EB-445C-8025-E9571A1E7BD5} = {94CE567E-4610-4730-A256-429FC0C0EAC9}
		{78B6701E-6187-4F37-BFAD-232D15BDA1F3} = {4699D511-93D5-43B3-84D7-24A3C9595C77}
		{7169F59A-1B6C-4709-B1B1-3DC5F756AB9E} = {4252F82C-E1F0-4EEE-B09B-65E042D81AD0}
		{E1C81827-BB67-454F-959E-48C1A2034987} = {B0254252-BE2D-4C5A-A755-3B61791DC9B7}
		{779B201A-E912-4DEB-A3F3-6AB96600E6A8} = {E1C81827-BB67-454F-959E-48C1A2034987}
		{95EB7BFC-37D6-478C-B80A-B88ABAD49E55} = {E1C81827-BB67-454F-959E-48C1A2034987}
		{A58E51FF-3BBB-42DE-8D01-B95829127243} = {E1C81827-BB67-454F-959E-48C1A2034987}
		{A0002C37-3988-4185-B6C0-86A6FD9E8981} = {149D16D2-AC6A-4063-9B12-D24F3517D90E}
		{7A4F3ED2-7DDB-48F4-9936-AB761C5ECC3B} = {149D16D2-AC6A-4063-9B12-D24F3517D90E}
		{D37C7842-63DE-4BA6-9883-25463F91E038} = {CD1B59BD-031C-422B-8972-E9752EE08B33}
	EndGlobalSection
	GlobalSection(ExtensibilityGlobals) = postSolution
		SolutionGuid = {E9A55F18-ABB9-4341-9208-A58FC260E35E}
	EndGlobalSection
EndGlobal
